
Microsoft Visual Studio Solution File, Format Version 12.00
# Visual Studio Version 17
VisualStudioVersion = 17.8.34330.188
MinimumVisualStudioVersion = 10.0.40219.1
Project("{9A19103F-16F7-4668-BE54-9A1E7A4F7556}") = "NutriApp", "NutriApp\NutriApp.csproj", "{3AC6386F-2824-4018-8A6A-9CACB6E87433}"
EndProject
Project("{FAE04EC0-301F-11D3-BF4B-00C04F79EFBC}") = "Route", "Route\Route\Route.csproj", "{0C6D48B0-CAD7-4F4C-801C-7FD1C620A73A}"
EndProject
Project("{FAE04EC0-301F-11D3-BF4B-00C04F79EFBC}") = "Route.Tests", "Route\Route.Tests\Route.Tests.csproj", "{FE2FB659-E4B5-4B78-93C6-B05A406B47D7}"
EndProject
Project("{FAE04EC0-301F-11D3-BF4B-00C04F79EFBC}") = "BaseMauiLib", "BaseMauiLib\BaseMauiLib.csproj", "{35DA78AF-8C5D-45EF-B2F1-D0F02AF13D45}"
EndProject
Global
	GlobalSection(SolutionConfigurationPlatforms) = preSolution
		Debug|Any CPU = Debug|Any CPU
		Release|Any CPU = Release|Any CPU
	EndGlobalSection
	GlobalSection(ProjectConfigurationPlatforms) = postSolution
		{3AC6386F-2824-4018-8A6A-9CACB6E87433}.Debug|Any CPU.ActiveCfg = Debug|Any CPU
		{3AC6386F-2824-4018-8A6A-9CACB6E87433}.Debug|Any CPU.Build.0 = Debug|Any CPU
		{3AC6386F-2824-4018-8A6A-9CACB6E87433}.Debug|Any CPU.Deploy.0 = Debug|Any CPU
		{3AC6386F-2824-4018-8A6A-9CACB6E87433}.Release|Any CPU.ActiveCfg = Release|Any CPU
		{3AC6386F-2824-4018-8A6A-9CACB6E87433}.Release|Any CPU.Build.0 = Release|Any CPU
		{0C6D48B0-CAD7-4F4C-801C-7FD1C620A73A}.Debug|Any CPU.ActiveCfg = Debug|Any CPU
		{0C6D48B0-CAD7-4F4C-801C-7FD1C620A73A}.Debug|Any CPU.Build.0 = Debug|Any CPU
		{0C6D48B0-CAD7-4F4C-801C-7FD1C620A73A}.Release|Any CPU.ActiveCfg = Release|Any CPU
		{0C6D48B0-CAD7-4F4C-801C-7FD1C620A73A}.Release|Any CPU.Build.0 = Release|Any CPU
		{FE2FB659-E4B5-4B78-93C6-B05A406B47D7}.Debug|Any CPU.ActiveCfg = Debug|Any CPU
		{FE2FB659-E4B5-4B78-93C6-B05A406B47D7}.Debug|Any CPU.Build.0 = Debug|Any CPU
		{FE2FB659-E4B5-4B78-93C6-B05A406B47D7}.Release|Any CPU.ActiveCfg = Release|Any CPU
		{FE2FB659-E4B5-4B78-93C6-B05A406B47D7}.Release|Any CPU.Build.0 = Release|Any CPU
	EndGlobalSection
	GlobalSection(SolutionProperties) = preSolution
		HideSolutionNode = FALSE
	EndGlobalSection
EndGlobal
